
Microsoft Visual Studio Solution File, Format Version 12.00
# Visual Studio Version 16
VisualStudioVersion = 16.0.29306.81
MinimumVisualStudioVersion = 10.0.40219.1
Project("{FAE04EC0-301F-11D3-BF4B-00C04F79EFBC}") = "LeyDeCoulomb", "LeyDeCoulomb.csproj", "{DB04D16A-8F6E-46C6-9CEC-46EDE05C9B59}"
EndProject
Global
	GlobalSection(SolutionConfigurationPlatforms) = preSolution
		Debug|Any CPU = Debug|Any CPU
		Release|Any CPU = Release|Any CPU
	EndGlobalSection
	GlobalSection(ProjectConfigurationPlatforms) = postSolution
		{DB04D16A-8F6E-46C6-9CEC-46EDE05C9B59}.Debug|Any CPU.ActiveCfg = Debug|Any CPU
		{DB04D16A-8F6E-46C6-9CEC-46EDE05C9B59}.Debug|Any CPU.Build.0 = Debug|Any CPU
		{DB04D16A-8F6E-46C6-9CEC-46EDE05C9B59}.Release|Any CPU.ActiveCfg = Release|Any CPU
		{DB04D16A-8F6E-46C6-9CEC-46EDE05C9B59}.Release|Any CPU.Build.0 = Release|Any CPU
	EndGlobalSection
	GlobalSection(SolutionProperties) = preSolution
		HideSolutionNode = FALSE
	EndGlobalSection
	GlobalSection(ExtensibilityGlobals) = postSolution
		SolutionGuid = {0D1ABEC0-B68B-49EE-826C-2E7B038246F7}
	EndGlobalSection
EndGlobal
